
Microsoft Visual Studio Solution File, Format Version 10.00
# Visual C++ Express 2008
Project("{8BC9CEB8-8B4A-11D0-8D11-00A0C91BC942}") = "libfcache", "libfcache\libfcache.vcproj", "{155E32FC-D481-4111-A06D-3BDC1C6B491B}"
	ProjectSection(ProjectDependencies) = postProject
		{BD3A95FA-A3DE-4B79-A889-A7E5ECA4B69C} = {BD3A95FA-A3DE-4B79-A889-A7E5ECA4B69C}
		{8AFAA2C6-E025-4B45-B96F-A27D04C6115A} = {8AFAA2C6-E025-4B45-B96F-A27D04C6115A}
		{B9332DC8-7594-47DF-80C1-38922E0F4DFB} = {B9332DC8-7594-47DF-80C1-38922E0F4DFB}
	EndProjectSection
EndProject
Project("{8BC9CEB8-8B4A-11D0-8D11-00A0C91BC942}") = "fcache_test_cache", "fcache_test_cache\fcache_test_cache.vcproj", "{F7664471-F0CC-436D-A328-4D374FB9CB3E}"
	ProjectSection(ProjectDependencies) = postProject
		{155E32FC-D481-4111-A06D-3BDC1C6B491B} = {155E32FC-D481-4111-A06D-3BDC1C6B491B}
		{BD3A95FA-A3DE-4B79-A889-A7E5ECA4B69C} = {BD3A95FA-A3DE-4B79-A889-A7E5ECA4B69C}
	EndProjectSection
EndProject
Project("{8BC9CEB8-8B4A-11D0-8D11-00A0C91BC942}") = "fcache_test_cache_value", "fcache_test_cache_value\fcache_test_cache_value.vcproj", "{E95AEFE0-0C73-4CCA-9A3B-7E7DD4443BA5}"
	ProjectSection(ProjectDependencies) = postProject
		{155E32FC-D481-4111-A06D-3BDC1C6B491B} = {155E32FC-D481-4111-A06D-3BDC1C6B491B}
		{BD3A95FA-A3DE-4B79-A889-A7E5ECA4B69C} = {BD3A95FA-A3DE-4B79-A889-A7E5ECA4B69C}
	EndProjectSection
EndProject
Project("{8BC9CEB8-8B4A-11D0-8D11-00A0C91BC942}") = "fcache_test_date_time", "fcache_test_date_time\fcache_test_date_time.vcproj", "{32B98213-8BD1-4974-859B-4989D053B192}"
	ProjectSection(ProjectDependencies) = postProject
		{155E32FC-D481-4111-A06D-3BDC1C6B491B} = {155E32FC-D481-4111-A06D-3BDC1C6B491B}
		{BD3A95FA-A3DE-4B79-A889-A7E5ECA4B69C} = {BD3A95FA-A3DE-4B79-A889-A7E5ECA4B69C}
	EndProjectSection
EndProject
Project("{8BC9CEB8-8B4A-11D0-8D11-00A0C91BC942}") = "fcache_test_error", "fcache_test_error\fcache_test_error.vcproj", "{39236E49-4E25-443E-A5EB-3EC9930FC181}"
	ProjectSection(ProjectDependencies) = postProject
		{155E32FC-D481-4111-A06D-3BDC1C6B491B} = {155E32FC-D481-4111-A06D-3BDC1C6B491B}
	EndProjectSection
EndProject
Project("{8BC9CEB8-8B4A-11D0-8D11-00A0C91BC942}") = "fcache_test_support", "fcache_test_support\fcache_test_support.vcproj", "{89FBC805-E07F-4658-B6D7-63AA4A6138A0}"
	ProjectSection(ProjectDependencies) = postProject
		{155E32FC-D481-4111-A06D-3BDC1C6B491B} = {155E32FC-D481-4111-A06D-3BDC1C6B491B}
	EndProjectSection
EndProject
Project("{8BC9CEB8-8B4A-11D0-8D11-00A0C91BC942}") = "libcthreads", "libcthreads\libcthreads.vcproj", "{8AFAA2C6-E025-4B45-B96F-A27D04C6115A}"
	ProjectSection(ProjectDependencies) = postProject
		{BD3A95FA-A3DE-4B79-A889-A7E5ECA4B69C} = {BD3A95FA-A3DE-4B79-A889-A7E5ECA4B69C}
	EndProjectSection
EndProject
Project("{8BC9CEB8-8B4A-11D0-8D11-00A0C91BC942}") = "libcerror", "libcerror\libcerror.vcproj", "{BD3A95FA-A3DE-4B79-A889-A7E5ECA4B69C}"
EndProject
Project("{8BC9CEB8-8B4A-11D0-8D11-00A0C91BC942}") = "libcdata", "libcdata\libcdata.vcproj", "{B9332DC8-7594-47DF-80C1-38922E0F4DFB}"
	ProjectSection(ProjectDependencies) = postProject
		{BD3A95FA-A3DE-4B79-A889-A7E5ECA4B69C} = {BD3A95FA-A3DE-4B79-A889-A7E5ECA4B69C}
		{8AFAA2C6-E025-4B45-B96F-A27D04C6115A} = {8AFAA2C6-E025-4B45-B96F-A27D04C6115A}
	EndProjectSection
EndProject
Global
	GlobalSection(SolutionConfigurationPlatforms) = preSolution
		Release|Win32 = Release|Win32
		VSDebug|Win32 = VSDebug|Win32
	EndGlobalSection
	GlobalSection(ProjectConfigurationPlatforms) = postSolution
		{155E32FC-D481-4111-A06D-3BDC1C6B491B}.Release|Win32.ActiveCfg = Release|Win32
		{155E32FC-D481-4111-A06D-3BDC1C6B491B}.Release|Win32.Build.0 = Release|Win32
		{155E32FC-D481-4111-A06D-3BDC1C6B491B}.VSDebug|Win32.ActiveCfg = VSDebug|Win32
		{155E32FC-D481-4111-A06D-3BDC1C6B491B}.VSDebug|Win32.Build.0 = VSDebug|Win32
		{F7664471-F0CC-436D-A328-4D374FB9CB3E}.Release|Win32.ActiveCfg = Release|Win32
		{F7664471-F0CC-436D-A328-4D374FB9CB3E}.Release|Win32.Build.0 = Release|Win32
		{F7664471-F0CC-436D-A328-4D374FB9CB3E}.VSDebug|Win32.ActiveCfg = VSDebug|Win32
		{F7664471-F0CC-436D-A328-4D374FB9CB3E}.VSDebug|Win32.Build.0 = VSDebug|Win32
		{E95AEFE0-0C73-4CCA-9A3B-7E7DD4443BA5}.Release|Win32.ActiveCfg = Release|Win32
		{E95AEFE0-0C73-4CCA-9A3B-7E7DD4443BA5}.Release|Win32.Build.0 = Release|Win32
		{E95AEFE0-0C73-4CCA-9A3B-7E7DD4443BA5}.VSDebug|Win32.ActiveCfg = VSDebug|Win32
		{E95AEFE0-0C73-4CCA-9A3B-7E7DD4443BA5}.VSDebug|Win32.Build.0 = VSDebug|Win32
		{32B98213-8BD1-4974-859B-4989D053B192}.Release|Win32.ActiveCfg = Release|Win32
		{32B98213-8BD1-4974-859B-4989D053B192}.Release|Win32.Build.0 = Release|Win32
		{32B98213-8BD1-4974-859B-4989D053B192}.VSDebug|Win32.ActiveCfg = VSDebug|Win32
		{32B98213-8BD1-4974-859B-4989D053B192}.VSDebug|Win32.Build.0 = VSDebug|Win32
		{39236E49-4E25-443E-A5EB-3EC9930FC181}.Release|Win32.ActiveCfg = Release|Win32
		{39236E49-4E25-443E-A5EB-3EC9930FC181}.Release|Win32.Build.0 = Release|Win32
		{39236E49-4E25-443E-A5EB-3EC9930FC181}.VSDebug|Win32.ActiveCfg = VSDebug|Win32
		{39236E49-4E25-443E-A5EB-3EC9930FC181}.VSDebug|Win32.Build.0 = VSDebug|Win32
		{89FBC805-E07F-4658-B6D7-63AA4A6138A0}.Release|Win32.ActiveCfg = Release|Win32
		{89FBC805-E07F-4658-B6D7-63AA4A6138A0}.Release|Win32.Build.0 = Release|Win32
		{89FBC805-E07F-4658-B6D7-63AA4A6138A0}.VSDebug|Win32.ActiveCfg = VSDebug|Win32
		{89FBC805-E07F-4658-B6D7-63AA4A6138A0}.VSDebug|Win32.Build.0 = VSDebug|Win32
		{8AFAA2C6-E025-4B45-B96F-A27D04C6115A}.Release|Win32.ActiveCfg = Release|Win32
		{8AFAA2C6-E025-4B45-B96F-A27D04C6115A}.Release|Win32.Build.0 = Release|Win32
		{8AFAA2C6-E025-4B45-B96F-A27D04C6115A}.VSDebug|Win32.ActiveCfg = VSDebug|Win32
		{8AFAA2C6-E025-4B45-B96F-A27D04C6115A}.VSDebug|Win32.Build.0 = VSDebug|Win32
		{BD3A95FA-A3DE-4B79-A889-A7E5ECA4B69C}.Release|Win32.ActiveCfg = Release|Win32
		{BD3A95FA-A3DE-4B79-A889-A7E5ECA4B69C}.Release|Win32.Build.0 = Release|Win32
		{BD3A95FA-A3DE-4B79-A889-A7E5ECA4B69C}.VSDebug|Win32.ActiveCfg = VSDebug|Win32
		{BD3A95FA-A3DE-4B79-A889-A7E5ECA4B69C}.VSDebug|Win32.Build.0 = VSDebug|Win32
		{B9332DC8-7594-47DF-80C1-38922E0F4DFB}.Release|Win32.ActiveCfg = Release|Win32
		{B9332DC8-7594-47DF-80C1-38922E0F4DFB}.Release|Win32.Build.0 = Release|Win32
		{B9332DC8-7594-47DF-80C1-38922E0F4DFB}.VSDebug|Win32.ActiveCfg = VSDebug|Win32
		{B9332DC8-7594-47DF-80C1-38922E0F4DFB}.VSDebug|Win32.Build.0 = VSDebug|Win32
	EndGlobalSection
	GlobalSection(SolutionProperties) = preSolution
		HideSolutionNode = FALSE
	EndGlobalSection
EndGlobal
